
Microsoft Visual Studio Solution File, Format Version 12.00
Project("{FAE04EC0-301F-11D3-BF4B-00C04F79EFBC}") = "CoolGuysBackend.API", "CoolGuysBackend.API\CoolGuysBackend.API.csproj", "{8F9CB18E-0BD3-499D-B953-6ECE6F5BCEEB}"
EndProject
Project("{FAE04EC0-301F-11D3-BF4B-00C04F79EFBC}") = "CoolGuysBackend.Tests", "CoolGuysBackend.Tests\CoolGuysBackend.Tests.csproj", "{C7E6E0B7-87E4-4664-8A63-A6995E412800}"
EndProject
Global
	GlobalSection(SolutionConfigurationPlatforms) = preSolution
		Debug|Any CPU = Debug|Any CPU
		Release|Any CPU = Release|Any CPU
	EndGlobalSection
	GlobalSection(ProjectConfigurationPlatforms) = postSolution
		{8F9CB18E-0BD3-499D-B953-6ECE6F5BCEEB}.Debug|Any CPU.ActiveCfg = Debug|Any CPU
		{8F9CB18E-0BD3-499D-B953-6ECE6F5BCEEB}.Debug|Any CPU.Build.0 = Debug|Any CPU
		{8F9CB18E-0BD3-499D-B953-6ECE6F5BCEEB}.Release|Any CPU.ActiveCfg = Release|Any CPU
		{8F9CB18E-0BD3-499D-B953-6ECE6F5BCEEB}.Release|Any CPU.Build.0 = Release|Any CPU
		{C7E6E0B7-87E4-4664-8A63-A6995E412800}.Debug|Any CPU.ActiveCfg = Debug|Any CPU
		{C7E6E0B7-87E4-4664-8A63-A6995E412800}.Debug|Any CPU.Build.0 = Debug|Any CPU
		{C7E6E0B7-87E4-4664-8A63-A6995E412800}.Release|Any CPU.ActiveCfg = Release|Any CPU
		{C7E6E0B7-87E4-4664-8A63-A6995E412800}.Release|Any CPU.Build.0 = Release|Any CPU
	EndGlobalSection
EndGlobal
